// !$*UTF8*$!
{
	archiveVersion = 1;
	classes = {
	};
	objectVersion = 56;
	objects = {

/* Begin PBXBuildFile section */
		EFE7D7F12B8193A100D1F1C9 /* todo_listApp.swift in Sources */ = {isa = PBXBuildFile; fileRef = EFE7D7F02B8193A100D1F1C9 /* todo_listApp.swift */; };
		EFE7D7F32B8193A100D1F1C9 /* ContentView.swift in Sources */ = {isa = PBXBuildFile; fileRef = EFE7D7F22B8193A100D1F1C9 /* ContentView.swift */; };
		EFE7D7F52B8193A300D1F1C9 /* Assets.xcassets in Resources */ = {isa = PBXBuildFile; fileRef = EFE7D7F42B8193A300D1F1C9 /* Assets.xcassets */; };
		EFE7D7F82B8193A300D1F1C9 /* Preview Assets.xcassets in Resources */ = {isa = PBXBuildFile; fileRef = EFE7D7F72B8193A300D1F1C9 /* Preview Assets.xcassets */; };
		EFE7D8012B81956F00D1F1C9 /* Todo.swift in Sources */ = {isa = PBXBuildFile; fileRef = EFE7D8002B81956F00D1F1C9 /* Todo.swift */; };
		EFE7D8042B81971900D1F1C9 /* Home.swift in Sources */ = {isa = PBXBuildFile; fileRef = EFE7D8032B81971900D1F1C9 /* Home.swift */; };
		EFE7D8062B819ADA00D1F1C9 /* CompletedTodoList.swift in Sources */ = {isa = PBXBuildFile; fileRef = EFE7D8052B819ADA00D1F1C9 /* CompletedTodoList.swift */; };
		EFE7D8082B819EC800D1F1C9 /* TodoRowView.swift in Sources */ = {isa = PBXBuildFile; fileRef = EFE7D8072B819EC800D1F1C9 /* TodoRowView.swift */; };
		EFE7D8102B883FD100D1F1C9 /* WidgetKit.framework in Frameworks */ = {isa = PBXBuildFile; fileRef = EFE7D80F2B883FD100D1F1C9 /* WidgetKit.framework */; };
		EFE7D8122B883FD100D1F1C9 /* SwiftUI.framework in Frameworks */ = {isa = PBXBuildFile; fileRef = EFE7D8112B883FD100D1F1C9 /* SwiftUI.framework */; };
		EFE7D8152B883FD100D1F1C9 /* todo_widgetBundle.swift in Sources */ = {isa = PBXBuildFile; fileRef = EFE7D8142B883FD100D1F1C9 /* todo_widgetBundle.swift */; };
		EFE7D8172B883FD100D1F1C9 /* todo_widgetLiveActivity.swift in Sources */ = {isa = PBXBuildFile; fileRef = EFE7D8162B883FD100D1F1C9 /* todo_widgetLiveActivity.swift */; };
		EFE7D8192B883FD100D1F1C9 /* todo_widget.swift in Sources */ = {isa = PBXBuildFile; fileRef = EFE7D8182B883FD100D1F1C9 /* todo_widget.swift */; };
		EFE7D81B2B883FD100D1F1C9 /* AppIntent.swift in Sources */ = {isa = PBXBuildFile; fileRef = EFE7D81A2B883FD100D1F1C9 /* AppIntent.swift */; };
		EFE7D81D2B883FD200D1F1C9 /* Assets.xcassets in Resources */ = {isa = PBXBuildFile; fileRef = EFE7D81C2B883FD200D1F1C9 /* Assets.xcassets */; };
		EFE7D8212B883FD200D1F1C9 /* todo-widgetExtension.appex in Embed Foundation Extensions */ = {isa = PBXBuildFile; fileRef = EFE7D80D2B883FD100D1F1C9 /* todo-widgetExtension.appex */; settings = {ATTRIBUTES = (RemoveHeadersOnCopy, ); }; };
		EFE7D8262B88407000D1F1C9 /* Todo.swift in Sources */ = {isa = PBXBuildFile; fileRef = EFE7D8002B81956F00D1F1C9 /* Todo.swift */; };
/* End PBXBuildFile section */

/* Begin PBXContainerItemProxy section */
		EFE7D81F2B883FD200D1F1C9 /* PBXContainerItemProxy */ = {
			isa = PBXContainerItemProxy;
			containerPortal = EFE7D7E52B8193A100D1F1C9 /* Project object */;
			proxyType = 1;
			remoteGlobalIDString = EFE7D80C2B883FD100D1F1C9;
			remoteInfo = "todo-widgetExtension";
		};
/* End PBXContainerItemProxy section */

/* Begin PBXCopyFilesBuildPhase section */
		EFE7D8252B883FD200D1F1C9 /* Embed Foundation Extensions */ = {
			isa = PBXCopyFilesBuildPhase;
			buildActionMask = 2147483647;
			dstPath = "";
			dstSubfolderSpec = 13;
			files = (
				EFE7D8212B883FD200D1F1C9 /* todo-widgetExtension.appex in Embed Foundation Extensions */,
			);
			name = "Embed Foundation Extensions";
			runOnlyForDeploymentPostprocessing = 0;
		};
/* End PBXCopyFilesBuildPhase section */

/* Begin PBXFileReference section */
		EFE7D7ED2B8193A100D1F1C9 /* todo-list.app */ = {isa = PBXFileReference; explicitFileType = wrapper.application; includeInIndex = 0; path = "todo-list.app"; sourceTree = BUILT_PRODUCTS_DIR; };
		EFE7D7F02B8193A100D1F1C9 /* todo_listApp.swift */ = {isa = PBXFileReference; lastKnownFileType = sourcecode.swift; path = todo_listApp.swift; sourceTree = "<group>"; };
		EFE7D7F22B8193A100D1F1C9 /* ContentView.swift */ = {isa = PBXFileReference; lastKnownFileType = sourcecode.swift; path = ContentView.swift; sourceTree = "<group>"; };
		EFE7D7F42B8193A300D1F1C9 /* Assets.xcassets */ = {isa = PBXFileReference; lastKnownFileType = folder.assetcatalog; path = Assets.xcassets; sourceTree = "<group>"; };
		EFE7D7F72B8193A300D1F1C9 /* Preview Assets.xcassets */ = {isa = PBXFileReference; lastKnownFileType = folder.assetcatalog; path = "Preview Assets.xcassets"; sourceTree = "<group>"; };
		EFE7D7FE2B8194CE00D1F1C9 /* README.md */ = {isa = PBXFileReference; lastKnownFileType = net.daringfireball.markdown; path = README.md; sourceTree = "<group>"; };
		EFE7D8002B81956F00D1F1C9 /* Todo.swift */ = {isa = PBXFileReference; lastKnownFileType = sourcecode.swift; path = Todo.swift; sourceTree = "<group>"; };
		EFE7D8032B81971900D1F1C9 /* Home.swift */ = {isa = PBXFileReference; lastKnownFileType = sourcecode.swift; path = Home.swift; sourceTree = "<group>"; };
		EFE7D8052B819ADA00D1F1C9 /* CompletedTodoList.swift */ = {isa = PBXFileReference; lastKnownFileType = sourcecode.swift; path = CompletedTodoList.swift; sourceTree = "<group>"; };
		EFE7D8072B819EC800D1F1C9 /* TodoRowView.swift */ = {isa = PBXFileReference; lastKnownFileType = sourcecode.swift; path = TodoRowView.swift; sourceTree = "<group>"; };
		EFE7D80D2B883FD100D1F1C9 /* todo-widgetExtension.appex */ = {isa = PBXFileReference; explicitFileType = "wrapper.app-extension"; includeInIndex = 0; path = "todo-widgetExtension.appex"; sourceTree = BUILT_PRODUCTS_DIR; };
		EFE7D80F2B883FD100D1F1C9 /* WidgetKit.framework */ = {isa = PBXFileReference; lastKnownFileType = wrapper.framework; name = WidgetKit.framework; path = System/Library/Frameworks/WidgetKit.framework; sourceTree = SDKROOT; };
		EFE7D8112B883FD100D1F1C9 /* SwiftUI.framework */ = {isa = PBXFileReference; lastKnownFileType = wrapper.framework; name = SwiftUI.framework; path = System/Library/Frameworks/SwiftUI.framework; sourceTree = SDKROOT; };
		EFE7D8142B883FD100D1F1C9 /* todo_widgetBundle.swift */ = {isa = PBXFileReference; lastKnownFileType = sourcecode.swift; path = todo_widgetBundle.swift; sourceTree = "<group>"; };
		EFE7D8162B883FD100D1F1C9 /* todo_widgetLiveActivity.swift */ = {isa = PBXFileReference; lastKnownFileType = sourcecode.swift; path = todo_widgetLiveActivity.swift; sourceTree = "<group>"; };
		EFE7D8182B883FD100D1F1C9 /* todo_widget.swift */ = {isa = PBXFileReference; lastKnownFileType = sourcecode.swift; path = todo_widget.swift; sourceTree = "<group>"; };
		EFE7D81A2B883FD100D1F1C9 /* AppIntent.swift */ = {isa = PBXFileReference; lastKnownFileType = sourcecode.swift; path = AppIntent.swift; sourceTree = "<group>"; };
		EFE7D81C2B883FD200D1F1C9 /* Assets.xcassets */ = {isa = PBXFileReference; lastKnownFileType = folder.assetcatalog; path = Assets.xcassets; sourceTree = "<group>"; };
		EFE7D81E2B883FD200D1F1C9 /* Info.plist */ = {isa = PBXFileReference; lastKnownFileType = text.plist.xml; path = Info.plist; sourceTree = "<group>"; };
/* End PBXFileReference section */

/* Begin PBXFrameworksBuildPhase section */
		EFE7D7EA2B8193A100D1F1C9 /* Frameworks */ = {
			isa = PBXFrameworksBuildPhase;
			buildActionMask = 2147483647;
			files = (
			);
			runOnlyForDeploymentPostprocessing = 0;
		};
		EFE7D80A2B883FD100D1F1C9 /* Frameworks */ = {
			isa = PBXFrameworksBuildPhase;
			buildActionMask = 2147483647;
			files = (
				EFE7D8122B883FD100D1F1C9 /* SwiftUI.framework in Frameworks */,
				EFE7D8102B883FD100D1F1C9 /* WidgetKit.framework in Frameworks */,
			);
			runOnlyForDeploymentPostprocessing = 0;
		};
/* End PBXFrameworksBuildPhase section */

/* Begin PBXGroup section */
		EFE7D7E42B8193A100D1F1C9 = {
			isa = PBXGroup;
			children = (
				EFE7D7FE2B8194CE00D1F1C9 /* README.md */,
				EFE7D7EF2B8193A100D1F1C9 /* todo-list */,
				EFE7D8132B883FD100D1F1C9 /* todo-widget */,
				EFE7D80E2B883FD100D1F1C9 /* Frameworks */,
				EFE7D7EE2B8193A100D1F1C9 /* Products */,
			);
			sourceTree = "<group>";
		};
		EFE7D7EE2B8193A100D1F1C9 /* Products */ = {
			isa = PBXGroup;
			children = (
				EFE7D7ED2B8193A100D1F1C9 /* todo-list.app */,
				EFE7D80D2B883FD100D1F1C9 /* todo-widgetExtension.appex */,
			);
			name = Products;
			sourceTree = "<group>";
		};
		EFE7D7EF2B8193A100D1F1C9 /* todo-list */ = {
			isa = PBXGroup;
			children = (
				EFE7D7FF2B81956400D1F1C9 /* Model */,
				EFE7D8022B81971100D1F1C9 /* View */,
				EFE7D7F02B8193A100D1F1C9 /* todo_listApp.swift */,
				EFE7D7F22B8193A100D1F1C9 /* ContentView.swift */,
				EFE7D7F42B8193A300D1F1C9 /* Assets.xcassets */,
				EFE7D7F62B8193A300D1F1C9 /* Preview Content */,
			);
			path = "todo-list";
			sourceTree = "<group>";
		};
		EFE7D7F62B8193A300D1F1C9 /* Preview Content */ = {
			isa = PBXGroup;
			children = (
				EFE7D7F72B8193A300D1F1C9 /* Preview Assets.xcassets */,
			);
			path = "Preview Content";
			sourceTree = "<group>";
		};
		EFE7D7FF2B81956400D1F1C9 /* Model */ = {
			isa = PBXGroup;
			children = (
				EFE7D8002B81956F00D1F1C9 /* Todo.swift */,
			);
			path = Model;
			sourceTree = "<group>";
		};
		EFE7D8022B81971100D1F1C9 /* View */ = {
			isa = PBXGroup;
			children = (
				EFE7D8032B81971900D1F1C9 /* Home.swift */,
				EFE7D8052B819ADA00D1F1C9 /* CompletedTodoList.swift */,
				EFE7D8072B819EC800D1F1C9 /* TodoRowView.swift */,
			);
			path = View;
			sourceTree = "<group>";
		};
		EFE7D80E2B883FD100D1F1C9 /* Frameworks */ = {
			isa = PBXGroup;
			children = (
				EFE7D80F2B883FD100D1F1C9 /* WidgetKit.framework */,
				EFE7D8112B883FD100D1F1C9 /* SwiftUI.framework */,
			);
			name = Frameworks;
			sourceTree = "<group>";
		};
		EFE7D8132B883FD100D1F1C9 /* todo-widget */ = {
			isa = PBXGroup;
			children = (
				EFE7D8142B883FD100D1F1C9 /* todo_widgetBundle.swift */,
				EFE7D8162B883FD100D1F1C9 /* todo_widgetLiveActivity.swift */,
				EFE7D8182B883FD100D1F1C9 /* todo_widget.swift */,
				EFE7D81A2B883FD100D1F1C9 /* AppIntent.swift */,
				EFE7D81C2B883FD200D1F1C9 /* Assets.xcassets */,
				EFE7D81E2B883FD200D1F1C9 /* Info.plist */,
			);
			path = "todo-widget";
			sourceTree = "<group>";
		};
/* End PBXGroup section */

/* Begin PBXNativeTarget section */
		EFE7D7EC2B8193A100D1F1C9 /* todo-list */ = {
			isa = PBXNativeTarget;
			buildConfigurationList = EFE7D7FB2B8193A300D1F1C9 /* Build configuration list for PBXNativeTarget "todo-list" */;
			buildPhases = (
				EFE7D7E92B8193A100D1F1C9 /* Sources */,
				EFE7D7EA2B8193A100D1F1C9 /* Frameworks */,
				EFE7D7EB2B8193A100D1F1C9 /* Resources */,
				EFE7D8252B883FD200D1F1C9 /* Embed Foundation Extensions */,
			);
			buildRules = (
			);
			dependencies = (
				EFE7D8202B883FD200D1F1C9 /* PBXTargetDependency */,
			);
			name = "todo-list";
			productName = "todo-list";
			productReference = EFE7D7ED2B8193A100D1F1C9 /* todo-list.app */;
			productType = "com.apple.product-type.application";
		};
		EFE7D80C2B883FD100D1F1C9 /* todo-widgetExtension */ = {
			isa = PBXNativeTarget;
			buildConfigurationList = EFE7D8222B883FD200D1F1C9 /* Build configuration list for PBXNativeTarget "todo-widgetExtension" */;
			buildPhases = (
				EFE7D8092B883FD100D1F1C9 /* Sources */,
				EFE7D80A2B883FD100D1F1C9 /* Frameworks */,
				EFE7D80B2B883FD100D1F1C9 /* Resources */,
			);
			buildRules = (
			);
			dependencies = (
			);
			name = "todo-widgetExtension";
			productName = "todo-widgetExtension";
			productReference = EFE7D80D2B883FD100D1F1C9 /* todo-widgetExtension.appex */;
			productType = "com.apple.product-type.app-extension";
		};
/* End PBXNativeTarget section */

/* Begin PBXProject section */
		EFE7D7E52B8193A100D1F1C9 /* Project object */ = {
			isa = PBXProject;
			attributes = {
				BuildIndependentTargetsInParallel = 1;
				LastSwiftUpdateCheck = 1520;
				LastUpgradeCheck = 1520;
				TargetAttributes = {
					EFE7D7EC2B8193A100D1F1C9 = {
						CreatedOnToolsVersion = 15.2;
					};
					EFE7D80C2B883FD100D1F1C9 = {
						CreatedOnToolsVersion = 15.2;
					};
				};
			};
			buildConfigurationList = EFE7D7E82B8193A100D1F1C9 /* Build configuration list for PBXProject "todo-list" */;
			compatibilityVersion = "Xcode 14.0";
			developmentRegion = en;
			hasScannedForEncodings = 0;
			knownRegions = (
				en,
				Base,
			);
			mainGroup = EFE7D7E42B8193A100D1F1C9;
			productRefGroup = EFE7D7EE2B8193A100D1F1C9 /* Products */;
			projectDirPath = "";
			projectRoot = "";
			targets = (
				EFE7D7EC2B8193A100D1F1C9 /* todo-list */,
				EFE7D80C2B883FD100D1F1C9 /* todo-widgetExtension */,
			);
		};
/* End PBXProject section */

/* Begin PBXResourcesBuildPhase section */
		EFE7D7EB2B8193A100D1F1C9 /* Resources */ = {
			isa = PBXResourcesBuildPhase;
			buildActionMask = 2147483647;
			files = (
				EFE7D7F82B8193A300D1F1C9 /* Preview Assets.xcassets in Resources */,
				EFE7D7F52B8193A300D1F1C9 /* Assets.xcassets in Resources */,
			);
			runOnlyForDeploymentPostprocessing = 0;
		};
		EFE7D80B2B883FD100D1F1C9 /* Resources */ = {
			isa = PBXResourcesBuildPhase;
			buildActionMask = 2147483647;
			files = (
				EFE7D81D2B883FD200D1F1C9 /* Assets.xcassets in Resources */,
			);
			runOnlyForDeploymentPostprocessing = 0;
		};
/* End PBXResourcesBuildPhase section */

/* Begin PBXSourcesBuildPhase section */
		EFE7D7E92B8193A100D1F1C9 /* Sources */ = {
			isa = PBXSourcesBuildPhase;
			buildActionMask = 2147483647;
			files = (
				EFE7D7F32B8193A100D1F1C9 /* ContentView.swift in Sources */,
				EFE7D8082B819EC800D1F1C9 /* TodoRowView.swift in Sources */,
				EFE7D8062B819ADA00D1F1C9 /* CompletedTodoList.swift in Sources */,
				EFE7D8012B81956F00D1F1C9 /* Todo.swift in Sources */,
				EFE7D8042B81971900D1F1C9 /* Home.swift in Sources */,
				EFE7D7F12B8193A100D1F1C9 /* todo_listApp.swift in Sources */,
			);
			runOnlyForDeploymentPostprocessing = 0;
		};
		EFE7D8092B883FD100D1F1C9 /* Sources */ = {
			isa = PBXSourcesBuildPhase;
			buildActionMask = 2147483647;
			files = (
				EFE7D8172B883FD100D1F1C9 /* todo_widgetLiveActivity.swift in Sources */,
				EFE7D81B2B883FD100D1F1C9 /* AppIntent.swift in Sources */,
				EFE7D8152B883FD100D1F1C9 /* todo_widgetBundle.swift in Sources */,
				EFE7D8192B883FD100D1F1C9 /* todo_widget.swift in Sources */,
				EFE7D8262B88407000D1F1C9 /* Todo.swift in Sources */,
			);
			runOnlyForDeploymentPostprocessing = 0;
		};
/* End PBXSourcesBuildPhase section */

/* Begin PBXTargetDependency section */
		EFE7D8202B883FD200D1F1C9 /* PBXTargetDependency */ = {
			isa = PBXTargetDependency;
			target = EFE7D80C2B883FD100D1F1C9 /* todo-widgetExtension */;
			targetProxy = EFE7D81F2B883FD200D1F1C9 /* PBXContainerItemProxy */;
		};
/* End PBXTargetDependency section */

/* Begin XCBuildConfiguration section */
		EFE7D7F92B8193A300D1F1C9 /* Debug */ = {
			isa = XCBuildConfiguration;
			buildSettings = {
				ALWAYS_SEARCH_USER_PATHS = NO;
				ASSETCATALOG_COMPILER_GENERATE_SWIFT_ASSET_SYMBOL_EXTENSIONS = YES;
				CLANG_ANALYZER_NONNULL = YES;
				CLANG_ANALYZER_NUMBER_OBJECT_CONVERSION = YES_AGGRESSIVE;
				CLANG_CXX_LANGUAGE_STANDARD = "gnu++20";
				CLANG_ENABLE_MODULES = YES;
				CLANG_ENABLE_OBJC_ARC = YES;
				CLANG_ENABLE_OBJC_WEAK = YES;
				CLANG_WARN_BLOCK_CAPTURE_AUTORELEASING = YES;
				CLANG_WARN_BOOL_CONVERSION = YES;
				CLANG_WARN_COMMA = YES;
				CLANG_WARN_CONSTANT_CONVERSION = YES;
				CLANG_WARN_DEPRECATED_OBJC_IMPLEMENTATIONS = YES;
				CLANG_WARN_DIRECT_OBJC_ISA_USAGE = YES_ERROR;
				CLANG_WARN_DOCUMENTATION_COMMENTS = YES;
				CLANG_WARN_EMPTY_BODY = YES;
				CLANG_WARN_ENUM_CONVERSION = YES;
				CLANG_WARN_INFINITE_RECURSION = YES;
				CLANG_WARN_INT_CONVERSION = YES;
				CLANG_WARN_NON_LITERAL_NULL_CONVERSION = YES;
				CLANG_WARN_OBJC_IMPLICIT_RETAIN_SELF = YES;
				CLANG_WARN_OBJC_LITERAL_CONVERSION = YES;
				CLANG_WARN_OBJC_ROOT_CLASS = YES_ERROR;
				CLANG_WARN_QUOTED_INCLUDE_IN_FRAMEWORK_HEADER = YES;
				CLANG_WARN_RANGE_LOOP_ANALYSIS = YES;
				CLANG_WARN_STRICT_PROTOTYPES = YES;
				CLANG_WARN_SUSPICIOUS_MOVE = YES;
				CLANG_WARN_UNGUARDED_AVAILABILITY = YES_AGGRESSIVE;
				CLANG_WARN_UNREACHABLE_CODE = YES;
				CLANG_WARN__DUPLICATE_METHOD_MATCH = YES;
				COPY_PHASE_STRIP = NO;
				DEBUG_INFORMATION_FORMAT = dwarf;
				ENABLE_STRICT_OBJC_MSGSEND = YES;
				ENABLE_TESTABILITY = YES;
				ENABLE_USER_SCRIPT_SANDBOXING = YES;
				GCC_C_LANGUAGE_STANDARD = gnu17;
				GCC_DYNAMIC_NO_PIC = NO;
				GCC_NO_COMMON_BLOCKS = YES;
				GCC_OPTIMIZATION_LEVEL = 0;
				GCC_PREPROCESSOR_DEFINITIONS = (
					"DEBUG=1",
					"$(inherited)",
				);
				GCC_WARN_64_TO_32_BIT_CONVERSION = YES;
				GCC_WARN_ABOUT_RETURN_TYPE = YES_ERROR;
				GCC_WARN_UNDECLARED_SELECTOR = YES;
				GCC_WARN_UNINITIALIZED_AUTOS = YES_AGGRESSIVE;
				GCC_WARN_UNUSED_FUNCTION = YES;
				GCC_WARN_UNUSED_VARIABLE = YES;
				IPHONEOS_DEPLOYMENT_TARGET = 17.2;
				LOCALIZATION_PREFERS_STRING_CATALOGS = YES;
				MTL_ENABLE_DEBUG_INFO = INCLUDE_SOURCE;
				MTL_FAST_MATH = YES;
				ONLY_ACTIVE_ARCH = YES;
				SDKROOT = iphoneos;
				SWIFT_ACTIVE_COMPILATION_CONDITIONS = "DEBUG $(inherited)";
				SWIFT_OPTIMIZATION_LEVEL = "-Onone";
			};
			name = Debug;
		};
		EFE7D7FA2B8193A300D1F1C9 /* Release */ = {
			isa = XCBuildConfiguration;
			buildSettings = {
				ALWAYS_SEARCH_USER_PATHS = NO;
				ASSETCATALOG_COMPILER_GENERATE_SWIFT_ASSET_SYMBOL_EXTENSIONS = YES;
				CLANG_ANALYZER_NONNULL = YES;
				CLANG_ANALYZER_NUMBER_OBJECT_CONVERSION = YES_AGGRESSIVE;
				CLANG_CXX_LANGUAGE_STANDARD = "gnu++20";
				CLANG_ENABLE_MODULES = YES;
				CLANG_ENABLE_OBJC_ARC = YES;
				CLANG_ENABLE_OBJC_WEAK = YES;
				CLANG_WARN_BLOCK_CAPTURE_AUTORELEASING = YES;
				CLANG_WARN_BOOL_CONVERSION = YES;
				CLANG_WARN_COMMA = YES;
				CLANG_WARN_CONSTANT_CONVERSION = YES;
				CLANG_WARN_DEPRECATED_OBJC_IMPLEMENTATIONS = YES;
				CLANG_WARN_DIRECT_OBJC_ISA_USAGE = YES_ERROR;
				CLANG_WARN_DOCUMENTATION_COMMENTS = YES;
				CLANG_WARN_EMPTY_BODY = YES;
				CLANG_WARN_ENUM_CONVERSION = YES;
				CLANG_WARN_INFINITE_RECURSION = YES;
				CLANG_WARN_INT_CONVERSION = YES;
				CLANG_WARN_NON_LITERAL_NULL_CONVERSION = YES;
				CLANG_WARN_OBJC_IMPLICIT_RETAIN_SELF = YES;
				CLANG_WARN_OBJC_LITERAL_CONVERSION = YES;
				CLANG_WARN_OBJC_ROOT_CLASS = YES_ERROR;
				CLANG_WARN_QUOTED_INCLUDE_IN_FRAMEWORK_HEADER = YES;
				CLANG_WARN_RANGE_LOOP_ANALYSIS = YES;
				CLANG_WARN_STRICT_PROTOTYPES = YES;
				CLANG_WARN_SUSPICIOUS_MOVE = YES;
				CLANG_WARN_UNGUARDED_AVAILABILITY = YES_AGGRESSIVE;
				CLANG_WARN_UNREACHABLE_CODE = YES;
				CLANG_WARN__DUPLICATE_METHOD_MATCH = YES;
				COPY_PHASE_STRIP = NO;
				DEBUG_INFORMATION_FORMAT = "dwarf-with-dsym";
				ENABLE_NS_ASSERTIONS = NO;
				ENABLE_STRICT_OBJC_MSGSEND = YES;
				ENABLE_USER_SCRIPT_SANDBOXING = YES;
				GCC_C_LANGUAGE_STANDARD = gnu17;
				GCC_NO_COMMON_BLOCKS = YES;
				GCC_WARN_64_TO_32_BIT_CONVERSION = YES;
				GCC_WARN_ABOUT_RETURN_TYPE = YES_ERROR;
				GCC_WARN_UNDECLARED_SELECTOR = YES;
				GCC_WARN_UNINITIALIZED_AUTOS = YES_AGGRESSIVE;
				GCC_WARN_UNUSED_FUNCTION = YES;
				GCC_WARN_UNUSED_VARIABLE = YES;
				IPHONEOS_DEPLOYMENT_TARGET = 17.2;
				LOCALIZATION_PREFERS_STRING_CATALOGS = YES;
				MTL_ENABLE_DEBUG_INFO = NO;
				MTL_FAST_MATH = YES;
				SDKROOT = iphoneos;
				SWIFT_COMPILATION_MODE = wholemodule;
				VALIDATE_PRODUCT = YES;
			};
			name = Release;
		};
		EFE7D7FC2B8193A300D1F1C9 /* Debug */ = {
			isa = XCBuildConfiguration;
			buildSettings = {
				ALWAYS_EMBED_SWIFT_STANDARD_LIBRARIES = YES;
				ASSETCATALOG_COMPILER_APPICON_NAME = AppIcon;
				ASSETCATALOG_COMPILER_GLOBAL_ACCENT_COLOR_NAME = AccentColor;
				CODE_SIGN_STYLE = Automatic;
				CURRENT_PROJECT_VERSION = 1;
				DEVELOPMENT_ASSET_PATHS = "\"todo-list/Preview Content\"";
				DEVELOPMENT_TEAM = CFBV6A4UV7;
				ENABLE_PREVIEWS = YES;
				GENERATE_INFOPLIST_FILE = YES;
				INFOPLIST_KEY_UIApplicationSceneManifest_Generation = YES;
				INFOPLIST_KEY_UIApplicationSupportsIndirectInputEvents = YES;
				INFOPLIST_KEY_UILaunchScreen_Generation = YES;
				INFOPLIST_KEY_UISupportedInterfaceOrientations_iPad = "UIInterfaceOrientationPortrait UIInterfaceOrientationPortraitUpsideDown UIInterfaceOrientationLandscapeLeft UIInterfaceOrientationLandscapeRight";
				INFOPLIST_KEY_UISupportedInterfaceOrientations_iPhone = "UIInterfaceOrientationPortrait UIInterfaceOrientationLandscapeLeft UIInterfaceOrientationLandscapeRight";
				LD_RUNPATH_SEARCH_PATHS = (
					"$(inherited)",
					"@executable_path/Frameworks",
				);
				MARKETING_VERSION = 1.0;
				PRODUCT_BUNDLE_IDENTIFIER = "jp.co.shlab.todo-list";
				PRODUCT_NAME = "$(TARGET_NAME)";
				SWIFT_EMIT_LOC_STRINGS = YES;
				SWIFT_VERSION = 5.0;
				TARGETED_DEVICE_FAMILY = "1,2";
			};
			name = Debug;
		};
		EFE7D7FD2B8193A300D1F1C9 /* Release */ = {
			isa = XCBuildConfiguration;
			buildSettings = {
				ALWAYS_EMBED_SWIFT_STANDARD_LIBRARIES = YES;
				ASSETCATALOG_COMPILER_APPICON_NAME = AppIcon;
				ASSETCATALOG_COMPILER_GLOBAL_ACCENT_COLOR_NAME = AccentColor;
				CODE_SIGN_STYLE = Automatic;
				CURRENT_PROJECT_VERSION = 1;
				DEVELOPMENT_ASSET_PATHS = "\"todo-list/Preview Content\"";
				DEVELOPMENT_TEAM = CFBV6A4UV7;
				ENABLE_PREVIEWS = YES;
				GENERATE_INFOPLIST_FILE = YES;
				INFOPLIST_KEY_UIApplicationSceneManifest_Generation = YES;
				INFOPLIST_KEY_UIApplicationSupportsIndirectInputEvents = YES;
				INFOPLIST_KEY_UILaunchScreen_Generation = YES;
				INFOPLIST_KEY_UISupportedInterfaceOrientations_iPad = "UIInterfaceOrientationPortrait UIInterfaceOrientationPortraitUpsideDown UIInterfaceOrientationLandscapeLeft UIInterfaceOrientationLandscapeRight";
				INFOPLIST_KEY_UISupportedInterfaceOrientations_iPhone = "UIInterfaceOrientationPortrait UIInterfaceOrientationLandscapeLeft UIInterfaceOrientationLandscapeRight";
				LD_RUNPATH_SEARCH_PATHS = (
					"$(inherited)",
					"@executable_path/Frameworks",
				);
				MARKETING_VERSION = 1.0;
				PRODUCT_BUNDLE_IDENTIFIER = "jp.co.shlab.todo-list";
				PRODUCT_NAME = "$(TARGET_NAME)";
				SWIFT_EMIT_LOC_STRINGS = YES;
				SWIFT_VERSION = 5.0;
				TARGETED_DEVICE_FAMILY = "1,2";
			};
			name = Release;
		};
		EFE7D8232B883FD200D1F1C9 /* Debug */ = {
			isa = XCBuildConfiguration;
			buildSettings = {
				ASSETCATALOG_COMPILER_GLOBAL_ACCENT_COLOR_NAME = AccentColor;
				ASSETCATALOG_COMPILER_WIDGET_BACKGROUND_COLOR_NAME = WidgetBackground;
				CODE_SIGN_STYLE = Automatic;
				CURRENT_PROJECT_VERSION = 1;
				DEVELOPMENT_TEAM = CFBV6A4UV7;
				GENERATE_INFOPLIST_FILE = YES;
				INFOPLIST_FILE = "todo-widget/Info.plist";
				INFOPLIST_KEY_CFBundleDisplayName = "todo-widget";
				INFOPLIST_KEY_NSHumanReadableCopyright = "";
				LD_RUNPATH_SEARCH_PATHS = (
					"$(inherited)",
					"@executable_path/Frameworks",
					"@executable_path/../../Frameworks",
				);
				MARKETING_VERSION = 1.0;
				PRODUCT_BUNDLE_IDENTIFIER = "jp.co.shlab.todo-list.todo-widget";
				PRODUCT_NAME = "$(TARGET_NAME)";
				SKIP_INSTALL = YES;
				SWIFT_EMIT_LOC_STRINGS = YES;
				SWIFT_VERSION = 5.0;
				TARGETED_DEVICE_FAMILY = "1,2";
			};
			name = Debug;
		};
		EFE7D8242B883FD200D1F1C9 /* Release */ = {
			isa = XCBuildConfiguration;
			buildSettings = {
				ASSETCATALOG_COMPILER_GLOBAL_ACCENT_COLOR_NAME = AccentColor;
				ASSETCATALOG_COMPILER_WIDGET_BACKGROUND_COLOR_NAME = WidgetBackground;
				CODE_SIGN_STYLE = Automatic;
				CURRENT_PROJECT_VERSION = 1;
				DEVELOPMENT_TEAM = CFBV6A4UV7;
				GENERATE_INFOPLIST_FILE = YES;
				INFOPLIST_FILE = "todo-widget/Info.plist";
				INFOPLIST_KEY_CFBundleDisplayName = "todo-widget";
				INFOPLIST_KEY_NSHumanReadableCopyright = "";
				LD_RUNPATH_SEARCH_PATHS = (
					"$(inherited)",
					"@executable_path/Frameworks",
					"@executable_path/../../Frameworks",
				);
				MARKETING_VERSION = 1.0;
				PRODUCT_BUNDLE_IDENTIFIER = "jp.co.shlab.todo-list.todo-widget";
				PRODUCT_NAME = "$(TARGET_NAME)";
				SKIP_INSTALL = YES;
				SWIFT_EMIT_LOC_STRINGS = YES;
				SWIFT_VERSION = 5.0;
				TARGETED_DEVICE_FAMILY = "1,2";
			};
			name = Release;
		};
/* End XCBuildConfiguration section */

/* Begin XCConfigurationList section */
		EFE7D7E82B8193A100D1F1C9 /* Build configuration list for PBXProject "todo-list" */ = {
			isa = XCConfigurationList;
			buildConfigurations = (
				EFE7D7F92B8193A300D1F1C9 /* Debug */,
				EFE7D7FA2B8193A300D1F1C9 /* Release */,
			);
			defaultConfigurationIsVisible = 0;
			defaultConfigurationName = Release;
		};
		EFE7D7FB2B8193A300D1F1C9 /* Build configuration list for PBXNativeTarget "todo-list" */ = {
			isa = XCConfigurationList;
			buildConfigurations = (
				EFE7D7FC2B8193A300D1F1C9 /* Debug */,
				EFE7D7FD2B8193A300D1F1C9 /* Release */,
			);
			defaultConfigurationIsVisible = 0;
			defaultConfigurationName = Release;
		};
		EFE7D8222B883FD200D1F1C9 /* Build configuration list for PBXNativeTarget "todo-widgetExtension" */ = {
			isa = XCConfigurationList;
			buildConfigurations = (
				EFE7D8232B883FD200D1F1C9 /* Debug */,
				EFE7D8242B883FD200D1F1C9 /* Release */,
			);
			defaultConfigurationIsVisible = 0;
			defaultConfigurationName = Release;
		};
/* End XCConfigurationList section */
	};
	rootObject = EFE7D7E52B8193A100D1F1C9 /* Project object */;
}
